// !$*UTF8*$!
{
	archiveVersion = 1;
	classes = {
	};
	objectVersion = 55;
	objects = {

/* Begin PBXBuildFile section */
		F96C836927FE4ED400FC39EE /* GeneratorViewController.swift in Sources */ = {isa = PBXBuildFile; fileRef = F96C836827FE4ED400FC39EE /* GeneratorViewController.swift */; };
		F96C836D27FE7B1B00FC39EE /* Insult.swift in Sources */ = {isa = PBXBuildFile; fileRef = F96C836C27FE7B1B00FC39EE /* Insult.swift */; };
		F96C836F27FF1E7700FC39EE /* Data.swift in Sources */ = {isa = PBXBuildFile; fileRef = F96C836E27FF1E7700FC39EE /* Data.swift */; };
		F99EF11427FBCB4400680FA4 /* AppDelegate.swift in Sources */ = {isa = PBXBuildFile; fileRef = F99EF11327FBCB4400680FA4 /* AppDelegate.swift */; };
		F99EF11627FBCB4400680FA4 /* SceneDelegate.swift in Sources */ = {isa = PBXBuildFile; fileRef = F99EF11527FBCB4400680FA4 /* SceneDelegate.swift */; };
		F99EF11B27FBCB4400680FA4 /* Main.storyboard in Resources */ = {isa = PBXBuildFile; fileRef = F99EF11927FBCB4400680FA4 /* Main.storyboard */; };
		F99EF11D27FBCB4500680FA4 /* Assets.xcassets in Resources */ = {isa = PBXBuildFile; fileRef = F99EF11C27FBCB4500680FA4 /* Assets.xcassets */; };
		F99EF12027FBCB4500680FA4 /* LaunchScreen.storyboard in Resources */ = {isa = PBXBuildFile; fileRef = F99EF11E27FBCB4500680FA4 /* LaunchScreen.storyboard */; };
/* End PBXBuildFile section */

/* Begin PBXFileReference section */
		F96C836827FE4ED400FC39EE /* GeneratorViewController.swift */ = {isa = PBXFileReference; lastKnownFileType = sourcecode.swift; path = GeneratorViewController.swift; sourceTree = "<group>"; };
		F96C836C27FE7B1B00FC39EE /* Insult.swift */ = {isa = PBXFileReference; lastKnownFileType = sourcecode.swift; path = Insult.swift; sourceTree = "<group>"; };
		F96C836E27FF1E7700FC39EE /* Data.swift */ = {isa = PBXFileReference; lastKnownFileType = sourcecode.swift; path = Data.swift; sourceTree = "<group>"; };
		F99EF11027FBCB4400680FA4 /* Random Insult Generator.app */ = {isa = PBXFileReference; explicitFileType = wrapper.application; includeInIndex = 0; path = "Random Insult Generator.app"; sourceTree = BUILT_PRODUCTS_DIR; };
		F99EF11327FBCB4400680FA4 /* AppDelegate.swift */ = {isa = PBXFileReference; lastKnownFileType = sourcecode.swift; path = AppDelegate.swift; sourceTree = "<group>"; };
		F99EF11527FBCB4400680FA4 /* SceneDelegate.swift */ = {isa = PBXFileReference; lastKnownFileType = sourcecode.swift; path = SceneDelegate.swift; sourceTree = "<group>"; };
		F99EF11A27FBCB4400680FA4 /* Base */ = {isa = PBXFileReference; lastKnownFileType = file.storyboard; name = Base; path = Base.lproj/Main.storyboard; sourceTree = "<group>"; };
		F99EF11C27FBCB4500680FA4 /* Assets.xcassets */ = {isa = PBXFileReference; lastKnownFileType = folder.assetcatalog; path = Assets.xcassets; sourceTree = "<group>"; };
		F99EF11F27FBCB4500680FA4 /* Base */ = {isa = PBXFileReference; lastKnownFileType = file.storyboard; name = Base; path = Base.lproj/LaunchScreen.storyboard; sourceTree = "<group>"; };
		F99EF12127FBCB4500680FA4 /* Info.plist */ = {isa = PBXFileReference; lastKnownFileType = text.plist.xml; path = Info.plist; sourceTree = "<group>"; };
/* End PBXFileReference section */

/* Begin PBXFrameworksBuildPhase section */
		F99EF10D27FBCB4400680FA4 /* Frameworks */ = {
			isa = PBXFrameworksBuildPhase;
			buildActionMask = 2147483647;
			files = (
			);
			runOnlyForDeploymentPostprocessing = 0;
		};
/* End PBXFrameworksBuildPhase section */

/* Begin PBXGroup section */
		F99EF10727FBCB4400680FA4 = {
			isa = PBXGroup;
			children = (
				F99EF11227FBCB4400680FA4 /* Random Insult Generator */,
				F99EF11127FBCB4400680FA4 /* Products */,
			);
			sourceTree = "<group>";
		};
		F99EF11127FBCB4400680FA4 /* Products */ = {
			isa = PBXGroup;
			children = (
				F99EF11027FBCB4400680FA4 /* Random Insult Generator.app */,
			);
			name = Products;
			sourceTree = "<group>";
		};
		F99EF11227FBCB4400680FA4 /* Random Insult Generator */ = {
			isa = PBXGroup;
			children = (
				F9D6868427FD2CF400C3DA39 /* Delegates */,
				F9D6868627FD2D1800C3DA39 /* Models */,
				F9D6868727FD2D2800C3DA39 /* Views */,
				F9D6868527FD2D0A00C3DA39 /* Controllers */,
				F99EF11C27FBCB4500680FA4 /* Assets.xcassets */,
				F99EF12127FBCB4500680FA4 /* Info.plist */,
			);
			path = "Random Insult Generator";
			sourceTree = "<group>";
		};
		F9D6868427FD2CF400C3DA39 /* Delegates */ = {
			isa = PBXGroup;
			children = (
				F99EF11327FBCB4400680FA4 /* AppDelegate.swift */,
				F99EF11527FBCB4400680FA4 /* SceneDelegate.swift */,
			);
			path = Delegates;
			sourceTree = "<group>";
		};
		F9D6868527FD2D0A00C3DA39 /* Controllers */ = {
			isa = PBXGroup;
			children = (
				F96C836827FE4ED400FC39EE /* GeneratorViewController.swift */,
			);
			path = Controllers;
			sourceTree = "<group>";
		};
		F9D6868627FD2D1800C3DA39 /* Models */ = {
			isa = PBXGroup;
			children = (
				F96C836C27FE7B1B00FC39EE /* Insult.swift */,
				F96C836E27FF1E7700FC39EE /* Data.swift */,
			);
			path = Models;
			sourceTree = "<group>";
		};
		F9D6868727FD2D2800C3DA39 /* Views */ = {
			isa = PBXGroup;
			children = (
				F99EF11927FBCB4400680FA4 /* Main.storyboard */,
				F99EF11E27FBCB4500680FA4 /* LaunchScreen.storyboard */,
			);
			path = Views;
			sourceTree = "<group>";
		};
/* End PBXGroup section */

/* Begin PBXNativeTarget section */
		F99EF10F27FBCB4400680FA4 /* Random Insult Generator */ = {
			isa = PBXNativeTarget;
			buildConfigurationList = F99EF12427FBCB4500680FA4 /* Build configuration list for PBXNativeTarget "Random Insult Generator" */;
			buildPhases = (
				F99EF10C27FBCB4400680FA4 /* Sources */,
				F99EF10D27FBCB4400680FA4 /* Frameworks */,
				F99EF10E27FBCB4400680FA4 /* Resources */,
			);
			buildRules = (
			);
			dependencies = (
			);
			name = "Random Insult Generator";
			productName = "Random Insult Generator";
			productReference = F99EF11027FBCB4400680FA4 /* Random Insult Generator.app */;
			productType = "com.apple.product-type.application";
		};
/* End PBXNativeTarget section */

/* Begin PBXProject section */
		F99EF10827FBCB4400680FA4 /* Project object */ = {
			isa = PBXProject;
			attributes = {
				BuildIndependentTargetsInParallel = 1;
				LastSwiftUpdateCheck = 1330;
				LastUpgradeCheck = 1330;
				TargetAttributes = {
					F99EF10F27FBCB4400680FA4 = {
						CreatedOnToolsVersion = 13.3;
					};
				};
			};
			buildConfigurationList = F99EF10B27FBCB4400680FA4 /* Build configuration list for PBXProject "Random Insult Generator" */;
			compatibilityVersion = "Xcode 13.0";
			developmentRegion = en;
			hasScannedForEncodings = 0;
			knownRegions = (
				en,
				Base,
			);
			mainGroup = F99EF10727FBCB4400680FA4;
			productRefGroup = F99EF11127FBCB4400680FA4 /* Products */;
			projectDirPath = "";
			projectRoot = "";
			targets = (
				F99EF10F27FBCB4400680FA4 /* Random Insult Generator */,
			);
		};
/* End PBXProject section */

/* Begin PBXResourcesBuildPhase section */
		F99EF10E27FBCB4400680FA4 /* Resources */ = {
			isa = PBXResourcesBuildPhase;
			buildActionMask = 2147483647;
			files = (
				F99EF12027FBCB4500680FA4 /* LaunchScreen.storyboard in Resources */,
				F99EF11D27FBCB4500680FA4 /* Assets.xcassets in Resources */,
				F99EF11B27FBCB4400680FA4 /* Main.storyboard in Resources */,
			);
			runOnlyForDeploymentPostprocessing = 0;
		};
/* End PBXResourcesBuildPhase section */

/* Begin PBXSourcesBuildPhase section */
		F99EF10C27FBCB4400680FA4 /* Sources */ = {
			isa = PBXSourcesBuildPhase;
			buildActionMask = 2147483647;
			files = (
				F96C836F27FF1E7700FC39EE /* Data.swift in Sources */,
				F99EF11427FBCB4400680FA4 /* AppDelegate.swift in Sources */,
				F96C836927FE4ED400FC39EE /* GeneratorViewController.swift in Sources */,
				F96C836D27FE7B1B00FC39EE /* Insult.swift in Sources */,
				F99EF11627FBCB4400680FA4 /* SceneDelegate.swift in Sources */,
			);
			runOnlyForDeploymentPostprocessing = 0;
		};
/* End PBXSourcesBuildPhase section */

/* Begin PBXVariantGroup section */
		F99EF11927FBCB4400680FA4 /* Main.storyboard */ = {
			isa = PBXVariantGroup;
			children = (
				F99EF11A27FBCB4400680FA4 /* Base */,
			);
			name = Main.storyboard;
			sourceTree = "<group>";
		};
		F99EF11E27FBCB4500680FA4 /* LaunchScreen.storyboard */ = {
			isa = PBXVariantGroup;
			children = (
				F99EF11F27FBCB4500680FA4 /* Base */,
			);
			name = LaunchScreen.storyboard;
			sourceTree = "<group>";
		};
/* End PBXVariantGroup section */

/* Begin XCBuildConfiguration section */
		F99EF12227FBCB4500680FA4 /* Debug */ = {
			isa = XCBuildConfiguration;
			buildSettings = {
				ALWAYS_SEARCH_USER_PATHS = NO;
				CLANG_ANALYZER_NONNULL = YES;
				CLANG_ANALYZER_NUMBER_OBJECT_CONVERSION = YES_AGGRESSIVE;
				CLANG_CXX_LANGUAGE_STANDARD = "gnu++17";
				CLANG_ENABLE_MODULES = YES;
				CLANG_ENABLE_OBJC_ARC = YES;
				CLANG_ENABLE_OBJC_WEAK = YES;
				CLANG_WARN_BLOCK_CAPTURE_AUTORELEASING = YES;
				CLANG_WARN_BOOL_CONVERSION = YES;
				CLANG_WARN_COMMA = YES;
				CLANG_WARN_CONSTANT_CONVERSION = YES;
				CLANG_WARN_DEPRECATED_OBJC_IMPLEMENTATIONS = YES;
				CLANG_WARN_DIRECT_OBJC_ISA_USAGE = YES_ERROR;
				CLANG_WARN_DOCUMENTATION_COMMENTS = YES;
				CLANG_WARN_EMPTY_BODY = YES;
				CLANG_WARN_ENUM_CONVERSION = YES;
				CLANG_WARN_INFINITE_RECURSION = YES;
				CLANG_WARN_INT_CONVERSION = YES;
				CLANG_WARN_NON_LITERAL_NULL_CONVERSION = YES;
				CLANG_WARN_OBJC_IMPLICIT_RETAIN_SELF = YES;
				CLANG_WARN_OBJC_LITERAL_CONVERSION = YES;
				CLANG_WARN_OBJC_ROOT_CLASS = YES_ERROR;
				CLANG_WARN_QUOTED_INCLUDE_IN_FRAMEWORK_HEADER = YES;
				CLANG_WARN_RANGE_LOOP_ANALYSIS = YES;
				CLANG_WARN_STRICT_PROTOTYPES = YES;
				CLANG_WARN_SUSPICIOUS_MOVE = YES;
				CLANG_WARN_UNGUARDED_AVAILABILITY = YES_AGGRESSIVE;
				CLANG_WARN_UNREACHABLE_CODE = YES;
				CLANG_WARN__DUPLICATE_METHOD_MATCH = YES;
				COPY_PHASE_STRIP = NO;
				DEBUG_INFORMATION_FORMAT = dwarf;
				ENABLE_STRICT_OBJC_MSGSEND = YES;
				ENABLE_TESTABILITY = YES;
				GCC_C_LANGUAGE_STANDARD = gnu11;
				GCC_DYNAMIC_NO_PIC = NO;
				GCC_NO_COMMON_BLOCKS = YES;
				GCC_OPTIMIZATION_LEVEL = 0;
				GCC_PREPROCESSOR_DEFINITIONS = (
					"DEBUG=1",
					"$(inherited)",
				);
				GCC_WARN_64_TO_32_BIT_CONVERSION = YES;
				GCC_WARN_ABOUT_RETURN_TYPE = YES_ERROR;
				GCC_WARN_UNDECLARED_SELECTOR = YES;
				GCC_WARN_UNINITIALIZED_AUTOS = YES_AGGRESSIVE;
				GCC_WARN_UNUSED_FUNCTION = YES;
				GCC_WARN_UNUSED_VARIABLE = YES;
				IPHONEOS_DEPLOYMENT_TARGET = 15.4;
				MTL_ENABLE_DEBUG_INFO = INCLUDE_SOURCE;
				MTL_FAST_MATH = YES;
				ONLY_ACTIVE_ARCH = YES;
				SDKROOT = iphoneos;
				SWIFT_ACTIVE_COMPILATION_CONDITIONS = DEBUG;
				SWIFT_OPTIMIZATION_LEVEL = "-Onone";
			};
			name = Debug;
		};
		F99EF12327FBCB4500680FA4 /* Release */ = {
			isa = XCBuildConfiguration;
			buildSettings = {
				ALWAYS_SEARCH_USER_PATHS = NO;
				CLANG_ANALYZER_NONNULL = YES;
				CLANG_ANALYZER_NUMBER_OBJECT_CONVERSION = YES_AGGRESSIVE;
				CLANG_CXX_LANGUAGE_STANDARD = "gnu++17";
				CLANG_ENABLE_MODULES = YES;
				CLANG_ENABLE_OBJC_ARC = YES;
				CLANG_ENABLE_OBJC_WEAK = YES;
				CLANG_WARN_BLOCK_CAPTURE_AUTORELEASING = YES;
				CLANG_WARN_BOOL_CONVERSION = YES;
				CLANG_WARN_COMMA = YES;
				CLANG_WARN_CONSTANT_CONVERSION = YES;
				CLANG_WARN_DEPRECATED_OBJC_IMPLEMENTATIONS = YES;
				CLANG_WARN_DIRECT_OBJC_ISA_USAGE = YES_ERROR;
				CLANG_WARN_DOCUMENTATION_COMMENTS = YES;
				CLANG_WARN_EMPTY_BODY = YES;
				CLANG_WARN_ENUM_CONVERSION = YES;
				CLANG_WARN_INFINITE_RECURSION = YES;
				CLANG_WARN_INT_CONVERSION = YES;
				CLANG_WARN_NON_LITERAL_NULL_CONVERSION = YES;
				CLANG_WARN_OBJC_IMPLICIT_RETAIN_SELF = YES;
				CLANG_WARN_OBJC_LITERAL_CONVERSION = YES;
				CLANG_WARN_OBJC_ROOT_CLASS = YES_ERROR;
				CLANG_WARN_QUOTED_INCLUDE_IN_FRAMEWORK_HEADER = YES;
				CLANG_WARN_RANGE_LOOP_ANALYSIS = YES;
				CLANG_WARN_STRICT_PROTOTYPES = YES;
				CLANG_WARN_SUSPICIOUS_MOVE = YES;
				CLANG_WARN_UNGUARDED_AVAILABILITY = YES_AGGRESSIVE;
				CLANG_WARN_UNREACHABLE_CODE = YES;
				CLANG_WARN__DUPLICATE_METHOD_MATCH = YES;
				COPY_PHASE_STRIP = NO;
				DEBUG_INFORMATION_FORMAT = "dwarf-with-dsym";
				ENABLE_NS_ASSERTIONS = NO;
				ENABLE_STRICT_OBJC_MSGSEND = YES;
				GCC_C_LANGUAGE_STANDARD = gnu11;
				GCC_NO_COMMON_BLOCKS = YES;
				GCC_WARN_64_TO_32_BIT_CONVERSION = YES;
				GCC_WARN_ABOUT_RETURN_TYPE = YES_ERROR;
				GCC_WARN_UNDECLARED_SELECTOR = YES;
				GCC_WARN_UNINITIALIZED_AUTOS = YES_AGGRESSIVE;
				GCC_WARN_UNUSED_FUNCTION = YES;
				GCC_WARN_UNUSED_VARIABLE = YES;
				IPHONEOS_DEPLOYMENT_TARGET = 15.4;
				MTL_ENABLE_DEBUG_INFO = NO;
				MTL_FAST_MATH = YES;
				SDKROOT = iphoneos;
				SWIFT_COMPILATION_MODE = wholemodule;
				SWIFT_OPTIMIZATION_LEVEL = "-O";
				VALIDATE_PRODUCT = YES;
			};
			name = Release;
		};
		F99EF12527FBCB4500680FA4 /* Debug */ = {
			isa = XCBuildConfiguration;
			buildSettings = {
				ASSETCATALOG_COMPILER_APPICON_NAME = AppIcon;
				ASSETCATALOG_COMPILER_GLOBAL_ACCENT_COLOR_NAME = AccentColor;
				ASSETCATALOG_COMPILER_INCLUDE_ALL_APPICON_ASSETS = YES;
				CODE_SIGN_STYLE = Automatic;
				CURRENT_PROJECT_VERSION = 1;
				DEVELOPMENT_TEAM = 6GJGS2443W;
				GENERATE_INFOPLIST_FILE = YES;
				INFOPLIST_FILE = "Random Insult Generator/Info.plist";
				INFOPLIST_KEY_CFBundleDisplayName = RIG;
				INFOPLIST_KEY_UIApplicationSupportsIndirectInputEvents = YES;
				INFOPLIST_KEY_UILaunchStoryboardName = LaunchScreen;
				INFOPLIST_KEY_UIMainStoryboardFile = Main;
				INFOPLIST_KEY_UISupportedInterfaceOrientations_iPad = "UIInterfaceOrientationPortrait UIInterfaceOrientationPortraitUpsideDown UIInterfaceOrientationLandscapeLeft UIInterfaceOrientationLandscapeRight";
				INFOPLIST_KEY_UISupportedInterfaceOrientations_iPhone = "UIInterfaceOrientationPortrait UIInterfaceOrientationLandscapeLeft UIInterfaceOrientationLandscapeRight";
				LD_RUNPATH_SEARCH_PATHS = (
					"$(inherited)",
					"@executable_path/Frameworks",
				);
				MARKETING_VERSION = 1.0;
				PRODUCT_BUNDLE_IDENTIFIER = "co.fadedjesterstudios.Random-Insult-Generator";
				PRODUCT_NAME = "$(TARGET_NAME)";
				SWIFT_EMIT_LOC_STRINGS = YES;
				SWIFT_VERSION = 5.0;
				TARGETED_DEVICE_FAMILY = "1,2";
			};
			name = Debug;
		};
		F99EF12627FBCB4500680FA4 /* Release */ = {
			isa = XCBuildConfiguration;
			buildSettings = {
				ASSETCATALOG_COMPILER_APPICON_NAME = AppIcon;
				ASSETCATALOG_COMPILER_GLOBAL_ACCENT_COLOR_NAME = AccentColor;
				ASSETCATALOG_COMPILER_INCLUDE_ALL_APPICON_ASSETS = YES;
				CODE_SIGN_STYLE = Automatic;
				CURRENT_PROJECT_VERSION = 1;
				DEVELOPMENT_TEAM = 6GJGS2443W;
				GENERATE_INFOPLIST_FILE = YES;
				INFOPLIST_FILE = "Random Insult Generator/Info.plist";
				INFOPLIST_KEY_CFBundleDisplayName = RIG;
				INFOPLIST_KEY_UIApplicationSupportsIndirectInputEvents = YES;
				INFOPLIST_KEY_UILaunchStoryboardName = LaunchScreen;
				INFOPLIST_KEY_UIMainStoryboardFile = Main;
				INFOPLIST_KEY_UISupportedInterfaceOrientations_iPad = "UIInterfaceOrientationPortrait UIInterfaceOrientationPortraitUpsideDown UIInterfaceOrientationLandscapeLeft UIInterfaceOrientationLandscapeRight";
				INFOPLIST_KEY_UISupportedInterfaceOrientations_iPhone = "UIInterfaceOrientationPortrait UIInterfaceOrientationLandscapeLeft UIInterfaceOrientationLandscapeRight";
				LD_RUNPATH_SEARCH_PATHS = (
					"$(inherited)",
					"@executable_path/Frameworks",
				);
				MARKETING_VERSION = 1.0;
				PRODUCT_BUNDLE_IDENTIFIER = "co.fadedjesterstudios.Random-Insult-Generator";
				PRODUCT_NAME = "$(TARGET_NAME)";
				SWIFT_EMIT_LOC_STRINGS = YES;
				SWIFT_VERSION = 5.0;
				TARGETED_DEVICE_FAMILY = "1,2";
			};
			name = Release;
		};
/* End XCBuildConfiguration section */

/* Begin XCConfigurationList section */
		F99EF10B27FBCB4400680FA4 /* Build configuration list for PBXProject "Random Insult Generator" */ = {
			isa = XCConfigurationList;
			buildConfigurations = (
				F99EF12227FBCB4500680FA4 /* Debug */,
				F99EF12327FBCB4500680FA4 /* Release */,
			);
			defaultConfigurationIsVisible = 0;
			defaultConfigurationName = Release;
		};
		F99EF12427FBCB4500680FA4 /* Build configuration list for PBXNativeTarget "Random Insult Generator" */ = {
			isa = XCConfigurationList;
			buildConfigurations = (
				F99EF12527FBCB4500680FA4 /* Debug */,
				F99EF12627FBCB4500680FA4 /* Release */,
			);
			defaultConfigurationIsVisible = 0;
			defaultConfigurationName = Release;
		};
/* End XCConfigurationList section */
	};
	rootObject = F99EF10827FBCB4400680FA4 /* Project object */;
}
